Microsoft Visual Studio Solution File, Format Version 12.00
# Visual Studio Version 17
VisualStudioVersion = 17.5.2.0
MinimumVisualStudioVersion = 10.0.40219.1
Project("{FAE04EC0-301F-11D3-BF4B-00C04F79EFBC}") = "Platform", "platform\Platform.csproj", "{36E8964B-B391-898F-DD1B-F7FF1FE6E725}"
EndProject
Global
	GlobalSection(SolutionConfigurationPlatforms) = preSolution
		Debug|Any CPU = Debug|Any CPU
		Release|Any CPU = Release|Any CPU
	EndGlobalSection
	GlobalSection(ProjectConfigurationPlatforms) = postSolution
		{36E8964B-B391-898F-DD1B-F7FF1FE6E725}.Debug|Any CPU.ActiveCfg = Debug|Any CPU
		{36E8964B-B391-898F-DD1B-F7FF1FE6E725}.Debug|Any CPU.Build.0 = Debug|Any CPU
		{36E8964B-B391-898F-DD1B-F7FF1FE6E725}.Release|Any CPU.ActiveCfg = Release|Any CPU
		{36E8964B-B391-898F-DD1B-F7FF1FE6E725}.Release|Any CPU.Build.0 = Release|Any CPU
	EndGlobalSection
	GlobalSection(SolutionProperties) = preSolution
		HideSolutionNode = FALSE
	EndGlobalSection
	GlobalSection(ExtensibilityGlobals) = postSolution
		SolutionGuid = {0702DD33-D2E7-4FED-9ACC-A88E9C23FF61}
	EndGlobalSection
EndGlobal
